
Microsoft Visual Studio Solution File, Format Version 12.00
# Visual Studio Version 17
VisualStudioVersion = 17.0.32126.317
MinimumVisualStudioVersion = 10.0.40219.1
Project("{FAE04EC0-301F-11D3-BF4B-00C04F79EFBC}") = "module8prac", "module8prac\module8prac.csproj", "{63775B11-994D-4995-A953-4DEA5EBDD234}"
EndProject
Project("{FAE04EC0-301F-11D3-BF4B-00C04F79EFBC}") = "module8prac2", "module8prac2\module8prac2.csproj", "{3EEA5FDE-B067-43C6-B11E-BA5BD78FC7AF}"
EndProject
Global
	GlobalSection(SolutionConfigurationPlatforms) = preSolution
		Debug|Any CPU = Debug|Any CPU
		Release|Any CPU = Release|Any CPU
	EndGlobalSection
	GlobalSection(ProjectConfigurationPlatforms) = postSolution
		{63775B11-994D-4995-A953-4DEA5EBDD234}.Debug|Any CPU.ActiveCfg = Debug|Any CPU
		{63775B11-994D-4995-A953-4DEA5EBDD234}.Debug|Any CPU.Build.0 = Debug|Any CPU
		{63775B11-994D-4995-A953-4DEA5EBDD234}.Release|Any CPU.ActiveCfg = Release|Any CPU
		{63775B11-994D-4995-A953-4DEA5EBDD234}.Release|Any CPU.Build.0 = Release|Any CPU
		{3EEA5FDE-B067-43C6-B11E-BA5BD78FC7AF}.Debug|Any CPU.ActiveCfg = Debug|Any CPU
		{3EEA5FDE-B067-43C6-B11E-BA5BD78FC7AF}.Debug|Any CPU.Build.0 = Debug|Any CPU
		{3EEA5FDE-B067-43C6-B11E-BA5BD78FC7AF}.Release|Any CPU.ActiveCfg = Release|Any CPU
		{3EEA5FDE-B067-43C6-B11E-BA5BD78FC7AF}.Release|Any CPU.Build.0 = Release|Any CPU
	EndGlobalSection
	GlobalSection(SolutionProperties) = preSolution
		HideSolutionNode = FALSE
	EndGlobalSection
	GlobalSection(ExtensibilityGlobals) = postSolution
		SolutionGuid = {5D40F3A3-819A-483B-926D-231D1FBFF4AC}
	EndGlobalSection
EndGlobal
